
Microsoft Visual Studio Solution File, Format Version 12.00
# Visual Studio Version 17
VisualStudioVersion = 17.11.35327.3
MinimumVisualStudioVersion = 10.0.40219.1
Project("{FAE04EC0-301F-11D3-BF4B-00C04F79EFBC}") = "DelegateTest3", "DelegateTest3\DelegateTest3.csproj", "{F6E9CB31-A9BB-4340-AA4B-D72D51E8E7FA}"
EndProject
Global
	GlobalSection(SolutionConfigurationPlatforms) = preSolution
		Debug|Any CPU = Debug|Any CPU
		Release|Any CPU = Release|Any CPU
	EndGlobalSection
	GlobalSection(ProjectConfigurationPlatforms) = postSolution
		{F6E9CB31-A9BB-4340-AA4B-D72D51E8E7FA}.Debug|Any CPU.ActiveCfg = Debug|Any CPU
		{F6E9CB31-A9BB-4340-AA4B-D72D51E8E7FA}.Debug|Any CPU.Build.0 = Debug|Any CPU
		{F6E9CB31-A9BB-4340-AA4B-D72D51E8E7FA}.Release|Any CPU.ActiveCfg = Release|Any CPU
		{F6E9CB31-A9BB-4340-AA4B-D72D51E8E7FA}.Release|Any CPU.Build.0 = Release|Any CPU
	EndGlobalSection
	GlobalSection(SolutionProperties) = preSolution
		HideSolutionNode = FALSE
	EndGlobalSection
	GlobalSection(ExtensibilityGlobals) = postSolution
		SolutionGuid = {73F2C874-F643-4FF9-9E30-AFC35E4F52EE}
	EndGlobalSection
EndGlobal
